
Microsoft Visual Studio Solution File, Format Version 12.00
# Visual Studio Version 17
VisualStudioVersion = 17.11.35219.272
MinimumVisualStudioVersion = 10.0.40219.1
Project("{FAE04EC0-301F-11D3-BF4B-00C04F79EFBC}") = "DirectComDashboard", "DirectComDashboard.csproj", "{1DC2F344-B314-4CDA-9B65-E686F07722B1}"
EndProject
Project("{2150E333-8FDC-42A3-9474-1A3956D46DE8}") = "Solution Items", "Solution Items", "{08995BE0-3FC3-4388-A874-C99379C7C7CE}"
	ProjectSection(SolutionItems) = preProject
		packages.config = packages.config
	EndProjectSection
EndProject
Global
	GlobalSection(SolutionConfigurationPlatforms) = preSolution
		Debug|Any CPU = Debug|Any CPU
		Release|Any CPU = Release|Any CPU
	EndGlobalSection
	GlobalSection(ProjectConfigurationPlatforms) = postSolution
		{1DC2F344-B314-4CDA-9B65-E686F07722B1}.Debug|Any CPU.ActiveCfg = Debug|Any CPU
		{1DC2F344-B314-4CDA-9B65-E686F07722B1}.Debug|Any CPU.Build.0 = Debug|Any CPU
		{1DC2F344-B314-4CDA-9B65-E686F07722B1}.Release|Any CPU.ActiveCfg = Release|Any CPU
		{1DC2F344-B314-4CDA-9B65-E686F07722B1}.Release|Any CPU.Build.0 = Release|Any CPU
	EndGlobalSection
	GlobalSection(SolutionProperties) = preSolution
		HideSolutionNode = FALSE
	EndGlobalSection
	GlobalSection(ExtensibilityGlobals) = postSolution
		SolutionGuid = {11176349-8CAE-40EB-A2D9-60BB53E015C8}
	EndGlobalSection
EndGlobal
